// !$*UTF8*$!
{
	archiveVersion = 1;
	classes = {
	};
	objectVersion = 51;
	objects = {

/* Begin PBXBuildFile section */
		4F138BD5247F587700158A7C /* ResultCell.swift in Sources */ = {isa = PBXBuildFile; fileRef = 4F138BD4247F587700158A7C /* ResultCell.swift */; };
		4F21884B247FE7C50057930F /* PhotoService.swift in Sources */ = {isa = PBXBuildFile; fileRef = 4F21884A247FE7C50057930F /* PhotoService.swift */; };
		4F76B1F324801A62000D139C /* LoadingCell.swift in Sources */ = {isa = PBXBuildFile; fileRef = 4F76B1F224801A62000D139C /* LoadingCell.swift */; };
		4F76B1F524801EDE000D139C /* UIViewController.swift in Sources */ = {isa = PBXBuildFile; fileRef = 4F76B1F424801EDE000D139C /* UIViewController.swift */; };
		4F7DCD27247F474300579DCA /* AppDelegate.swift in Sources */ = {isa = PBXBuildFile; fileRef = 4F7DCD26247F474300579DCA /* AppDelegate.swift */; };
		4F7DCD29247F474300579DCA /* SceneDelegate.swift in Sources */ = {isa = PBXBuildFile; fileRef = 4F7DCD28247F474300579DCA /* SceneDelegate.swift */; };
		4F7DCD2B247F474300579DCA /* FirstPageViewController.swift in Sources */ = {isa = PBXBuildFile; fileRef = 4F7DCD2A247F474300579DCA /* FirstPageViewController.swift */; };
		4F7DCD2E247F474300579DCA /* Main.storyboard in Resources */ = {isa = PBXBuildFile; fileRef = 4F7DCD2C247F474300579DCA /* Main.storyboard */; };
		4F7DCD31247F474300579DCA /* FlickrAPP.xcdatamodeld in Sources */ = {isa = PBXBuildFile; fileRef = 4F7DCD2F247F474300579DCA /* FlickrAPP.xcdatamodeld */; };
		4F7DCD33247F474800579DCA /* Assets.xcassets in Resources */ = {isa = PBXBuildFile; fileRef = 4F7DCD32247F474800579DCA /* Assets.xcassets */; };
		4F7DCD36247F474800579DCA /* LaunchScreen.storyboard in Resources */ = {isa = PBXBuildFile; fileRef = 4F7DCD34247F474800579DCA /* LaunchScreen.storyboard */; };
		4F92DF6C247F6A6D004DFAC9 /* UIImageView+Ext.swift in Sources */ = {isa = PBXBuildFile; fileRef = 4F92DF6B247F6A6D004DFAC9 /* UIImageView+Ext.swift */; };
		4FA15EC1247F51D1002F2D35 /* ResultViewController.swift in Sources */ = {isa = PBXBuildFile; fileRef = 4FA15EC0247F51D1002F2D35 /* ResultViewController.swift */; };
		4FD747C1247FE62100B3783E /* Photo.swift in Sources */ = {isa = PBXBuildFile; fileRef = 4FD747C0247FE62100B3783E /* Photo.swift */; };
		4FD747C3247FE68400B3783E /* Photos.swift in Sources */ = {isa = PBXBuildFile; fileRef = 4FD747C2247FE68400B3783E /* Photos.swift */; };
		4FF9CCF6247F4ED8009181AF /* UIColor+Ext.swift in Sources */ = {isa = PBXBuildFile; fileRef = 4FF9CCF5247F4ED8009181AF /* UIColor+Ext.swift */; };
		5019CCC3B5749B329F48E359 /* Pods_FlickrAPP.framework in Frameworks */ = {isa = PBXBuildFile; fileRef = DDB65538638082808628B578 /* Pods_FlickrAPP.framework */; };
/* End PBXBuildFile section */

/* Begin PBXFileReference section */
		31AFE5B07EE27E5B30A656E9 /* Pods-FlickrAPP.debug.xcconfig */ = {isa = PBXFileReference; includeInIndex = 1; lastKnownFileType = text.xcconfig; name = "Pods-FlickrAPP.debug.xcconfig"; path = "Target Support Files/Pods-FlickrAPP/Pods-FlickrAPP.debug.xcconfig"; sourceTree = "<group>"; };
		4F138BD4247F587700158A7C /* ResultCell.swift */ = {isa = PBXFileReference; lastKnownFileType = sourcecode.swift; path = ResultCell.swift; sourceTree = "<group>"; };
		4F21884A247FE7C50057930F /* PhotoService.swift */ = {isa = PBXFileReference; lastKnownFileType = sourcecode.swift; path = PhotoService.swift; sourceTree = "<group>"; };
		4F76B1F224801A62000D139C /* LoadingCell.swift */ = {isa = PBXFileReference; lastKnownFileType = sourcecode.swift; path = LoadingCell.swift; sourceTree = "<group>"; };
		4F76B1F424801EDE000D139C /* UIViewController.swift */ = {isa = PBXFileReference; fileEncoding = 4; lastKnownFileType = sourcecode.swift; path = UIViewController.swift; sourceTree = "<group>"; };
		4F7DCD23247F474300579DCA /* FlickrAPP.app */ = {isa = PBXFileReference; explicitFileType = wrapper.application; includeInIndex = 0; path = FlickrAPP.app; sourceTree = BUILT_PRODUCTS_DIR; };
		4F7DCD26247F474300579DCA /* AppDelegate.swift */ = {isa = PBXFileReference; lastKnownFileType = sourcecode.swift; path = AppDelegate.swift; sourceTree = "<group>"; };
		4F7DCD28247F474300579DCA /* SceneDelegate.swift */ = {isa = PBXFileReference; lastKnownFileType = sourcecode.swift; path = SceneDelegate.swift; sourceTree = "<group>"; };
		4F7DCD2A247F474300579DCA /* FirstPageViewController.swift */ = {isa = PBXFileReference; lastKnownFileType = sourcecode.swift; path = FirstPageViewController.swift; sourceTree = "<group>"; };
		4F7DCD2D247F474300579DCA /* Base */ = {isa = PBXFileReference; lastKnownFileType = file.storyboard; name = Base; path = Base.lproj/Main.storyboard; sourceTree = "<group>"; };
		4F7DCD30247F474300579DCA /* FlickrAPP.xcdatamodel */ = {isa = PBXFileReference; lastKnownFileType = wrapper.xcdatamodel; path = FlickrAPP.xcdatamodel; sourceTree = "<group>"; };
		4F7DCD32247F474800579DCA /* Assets.xcassets */ = {isa = PBXFileReference; lastKnownFileType = folder.assetcatalog; path = Assets.xcassets; sourceTree = "<group>"; };
		4F7DCD35247F474800579DCA /* Base */ = {isa = PBXFileReference; lastKnownFileType = file.storyboard; name = Base; path = Base.lproj/LaunchScreen.storyboard; sourceTree = "<group>"; };
		4F7DCD37247F474800579DCA /* Info.plist */ = {isa = PBXFileReference; lastKnownFileType = text.plist.xml; path = Info.plist; sourceTree = "<group>"; };
		4F92DF6B247F6A6D004DFAC9 /* UIImageView+Ext.swift */ = {isa = PBXFileReference; lastKnownFileType = sourcecode.swift; path = "UIImageView+Ext.swift"; sourceTree = "<group>"; };
		4FA15EC0247F51D1002F2D35 /* ResultViewController.swift */ = {isa = PBXFileReference; lastKnownFileType = sourcecode.swift; path = ResultViewController.swift; sourceTree = "<group>"; };
		4FD747C0247FE62100B3783E /* Photo.swift */ = {isa = PBXFileReference; lastKnownFileType = sourcecode.swift; path = Photo.swift; sourceTree = "<group>"; };
		4FD747C2247FE68400B3783E /* Photos.swift */ = {isa = PBXFileReference; lastKnownFileType = sourcecode.swift; path = Photos.swift; sourceTree = "<group>"; };
		4FF9CCF5247F4ED8009181AF /* UIColor+Ext.swift */ = {isa = PBXFileReference; fileEncoding = 4; lastKnownFileType = sourcecode.swift; path = "UIColor+Ext.swift"; sourceTree = "<group>"; };
		DDB65538638082808628B578 /* Pods_FlickrAPP.framework */ = {isa = PBXFileReference; explicitFileType = wrapper.framework; includeInIndex = 0; path = Pods_FlickrAPP.framework; sourceTree = BUILT_PRODUCTS_DIR; };
		EDAA82680876636337AED2AF /* Pods-FlickrAPP.release.xcconfig */ = {isa = PBXFileReference; includeInIndex = 1; lastKnownFileType = text.xcconfig; name = "Pods-FlickrAPP.release.xcconfig"; path = "Target Support Files/Pods-FlickrAPP/Pods-FlickrAPP.release.xcconfig"; sourceTree = "<group>"; };
/* End PBXFileReference section */

/* Begin PBXFrameworksBuildPhase section */
		4F7DCD20247F474300579DCA /* Frameworks */ = {
			isa = PBXFrameworksBuildPhase;
			buildActionMask = 2147483647;
			files = (
				5019CCC3B5749B329F48E359 /* Pods_FlickrAPP.framework in Frameworks */,
			);
			runOnlyForDeploymentPostprocessing = 0;
		};
/* End PBXFrameworksBuildPhase section */

/* Begin PBXGroup section */
		4F138BD3247F586500158A7C /* View */ = {
			isa = PBXGroup;
			children = (
				4F138BD4247F587700158A7C /* ResultCell.swift */,
				4F76B1F224801A62000D139C /* LoadingCell.swift */,
			);
			path = View;
			sourceTree = "<group>";
		};
		4F218849247FE7960057930F /* APIService */ = {
			isa = PBXGroup;
			children = (
				4F21884A247FE7C50057930F /* PhotoService.swift */,
			);
			path = APIService;
			sourceTree = "<group>";
		};
		4F7DCD1A247F474300579DCA = {
			isa = PBXGroup;
			children = (
				4F7DCD25247F474300579DCA /* FlickrAPP */,
				4F7DCD24247F474300579DCA /* Products */,
				EE327B4D1B4CBB2B3BB415CC /* Pods */,
				95ABC0BBE8694C1EEA6E1BE9 /* Frameworks */,
			);
			sourceTree = "<group>";
		};
		4F7DCD24247F474300579DCA /* Products */ = {
			isa = PBXGroup;
			children = (
				4F7DCD23247F474300579DCA /* FlickrAPP.app */,
			);
			name = Products;
			sourceTree = "<group>";
		};
		4F7DCD25247F474300579DCA /* FlickrAPP */ = {
			isa = PBXGroup;
			children = (
				4F218849247FE7960057930F /* APIService */,
				4FD747BF247FE60E00B3783E /* Model */,
				4F138BD3247F586500158A7C /* View */,
				4FA15EBF247F51B8002F2D35 /* Controller */,
				4FF9CCF2247F4D92009181AF /* Extensions */,
				4F7DCD26247F474300579DCA /* AppDelegate.swift */,
				4F7DCD28247F474300579DCA /* SceneDelegate.swift */,
				4F7DCD2C247F474300579DCA /* Main.storyboard */,
				4F7DCD32247F474800579DCA /* Assets.xcassets */,
				4F7DCD34247F474800579DCA /* LaunchScreen.storyboard */,
				4F7DCD37247F474800579DCA /* Info.plist */,
				4F7DCD2F247F474300579DCA /* FlickrAPP.xcdatamodeld */,
			);
			path = FlickrAPP;
			sourceTree = "<group>";
		};
		4FA15EBF247F51B8002F2D35 /* Controller */ = {
			isa = PBXGroup;
			children = (
				4F7DCD2A247F474300579DCA /* FirstPageViewController.swift */,
				4FA15EC0247F51D1002F2D35 /* ResultViewController.swift */,
			);
			path = Controller;
			sourceTree = "<group>";
		};
		4FD747BF247FE60E00B3783E /* Model */ = {
			isa = PBXGroup;
			children = (
				4FD747C0247FE62100B3783E /* Photo.swift */,
				4FD747C2247FE68400B3783E /* Photos.swift */,
			);
			path = Model;
			sourceTree = "<group>";
		};
		4FF9CCF2247F4D92009181AF /* Extensions */ = {
			isa = PBXGroup;
			children = (
				4F76B1F424801EDE000D139C /* UIViewController.swift */,
				4FF9CCF5247F4ED8009181AF /* UIColor+Ext.swift */,
				4F92DF6B247F6A6D004DFAC9 /* UIImageView+Ext.swift */,
			);
			path = Extensions;
			sourceTree = "<group>";
		};
		95ABC0BBE8694C1EEA6E1BE9 /* Frameworks */ = {
			isa = PBXGroup;
			children = (
				DDB65538638082808628B578 /* Pods_FlickrAPP.framework */,
			);
			name = Frameworks;
			sourceTree = "<group>";
		};
		EE327B4D1B4CBB2B3BB415CC /* Pods */ = {
			isa = PBXGroup;
			children = (
				31AFE5B07EE27E5B30A656E9 /* Pods-FlickrAPP.debug.xcconfig */,
				EDAA82680876636337AED2AF /* Pods-FlickrAPP.release.xcconfig */,
			);
			path = Pods;
			sourceTree = "<group>";
		};
/* End PBXGroup section */

/* Begin PBXNativeTarget section */
		4F7DCD22247F474300579DCA /* FlickrAPP */ = {
			isa = PBXNativeTarget;
			buildConfigurationList = 4F7DCD3A247F474800579DCA /* Build configuration list for PBXNativeTarget "FlickrAPP" */;
			buildPhases = (
				D9FFD2A806533E228198A0BB /* [CP] Check Pods Manifest.lock */,
				4F7DCD1F247F474300579DCA /* Sources */,
				4F7DCD20247F474300579DCA /* Frameworks */,
				4F7DCD21247F474300579DCA /* Resources */,
				FA47CDF360C58CD671525C26 /* [CP] Embed Pods Frameworks */,
			);
			buildRules = (
			);
			dependencies = (
			);
			name = FlickrAPP;
			productName = FlickrAPP;
			productReference = 4F7DCD23247F474300579DCA /* FlickrAPP.app */;
			productType = "com.apple.product-type.application";
		};
/* End PBXNativeTarget section */

/* Begin PBXProject section */
		4F7DCD1B247F474300579DCA /* Project object */ = {
			isa = PBXProject;
			attributes = {
				LastSwiftUpdateCheck = 1140;
				LastUpgradeCheck = 1140;
				ORGANIZATIONNAME = UltraLCC;
				TargetAttributes = {
					4F7DCD22247F474300579DCA = {
						CreatedOnToolsVersion = 11.4.1;
					};
				};
			};
			buildConfigurationList = 4F7DCD1E247F474300579DCA /* Build configuration list for PBXProject "FlickrAPP" */;
			compatibilityVersion = "Xcode 9.3";
			developmentRegion = en;
			hasScannedForEncodings = 0;
			knownRegions = (
				en,
				Base,
			);
			mainGroup = 4F7DCD1A247F474300579DCA;
			productRefGroup = 4F7DCD24247F474300579DCA /* Products */;
			projectDirPath = "";
			projectRoot = "";
			targets = (
				4F7DCD22247F474300579DCA /* FlickrAPP */,
			);
		};
/* End PBXProject section */

/* Begin PBXResourcesBuildPhase section */
		4F7DCD21247F474300579DCA /* Resources */ = {
			isa = PBXResourcesBuildPhase;
			buildActionMask = 2147483647;
			files = (
				4F7DCD36247F474800579DCA /* LaunchScreen.storyboard in Resources */,
				4F7DCD33247F474800579DCA /* Assets.xcassets in Resources */,
				4F7DCD2E247F474300579DCA /* Main.storyboard in Resources */,
			);
			runOnlyForDeploymentPostprocessing = 0;
		};
/* End PBXResourcesBuildPhase section */

/* Begin PBXShellScriptBuildPhase section */
		D9FFD2A806533E228198A0BB /* [CP] Check Pods Manifest.lock */ = {
			isa = PBXShellScriptBuildPhase;
			buildActionMask = 2147483647;
			files = (
			);
			inputFileListPaths = (
			);
			inputPaths = (
				"${PODS_PODFILE_DIR_PATH}/Podfile.lock",
				"${PODS_ROOT}/Manifest.lock",
			);
			name = "[CP] Check Pods Manifest.lock";
			outputFileListPaths = (
			);
			outputPaths = (
				"$(DERIVED_FILE_DIR)/Pods-FlickrAPP-checkManifestLockResult.txt",
			);
			runOnlyForDeploymentPostprocessing = 0;
			shellPath = /bin/sh;
			shellScript = "diff \"${PODS_PODFILE_DIR_PATH}/Podfile.lock\" \"${PODS_ROOT}/Manifest.lock\" > /dev/null\nif [ $? != 0 ] ; then\n    # print error to STDERR\n    echo \"error: The sandbox is not in sync with the Podfile.lock. Run 'pod install' or update your CocoaPods installation.\" >&2\n    exit 1\nfi\n# This output is used by Xcode 'outputs' to avoid re-running this script phase.\necho \"SUCCESS\" > \"${SCRIPT_OUTPUT_FILE_0}\"\n";
			showEnvVarsInLog = 0;
		};
		FA47CDF360C58CD671525C26 /* [CP] Embed Pods Frameworks */ = {
			isa = PBXShellScriptBuildPhase;
			buildActionMask = 2147483647;
			files = (
			);
			inputFileListPaths = (
				"${PODS_ROOT}/Target Support Files/Pods-FlickrAPP/Pods-FlickrAPP-frameworks-${CONFIGURATION}-input-files.xcfilelist",
			);
			name = "[CP] Embed Pods Frameworks";
			outputFileListPaths = (
				"${PODS_ROOT}/Target Support Files/Pods-FlickrAPP/Pods-FlickrAPP-frameworks-${CONFIGURATION}-output-files.xcfilelist",
			);
			runOnlyForDeploymentPostprocessing = 0;
			shellPath = /bin/sh;
			shellScript = "\"${PODS_ROOT}/Target Support Files/Pods-FlickrAPP/Pods-FlickrAPP-frameworks.sh\"\n";
			showEnvVarsInLog = 0;
		};
/* End PBXShellScriptBuildPhase section */

/* Begin PBXSourcesBuildPhase section */
		4F7DCD1F247F474300579DCA /* Sources */ = {
			isa = PBXSourcesBuildPhase;
			buildActionMask = 2147483647;
			files = (
				4F92DF6C247F6A6D004DFAC9 /* UIImageView+Ext.swift in Sources */,
				4F21884B247FE7C50057930F /* PhotoService.swift in Sources */,
				4F76B1F524801EDE000D139C /* UIViewController.swift in Sources */,
				4F7DCD2B247F474300579DCA /* FirstPageViewController.swift in Sources */,
				4FD747C1247FE62100B3783E /* Photo.swift in Sources */,
				4F7DCD27247F474300579DCA /* AppDelegate.swift in Sources */,
				4FF9CCF6247F4ED8009181AF /* UIColor+Ext.swift in Sources */,
				4F76B1F324801A62000D139C /* LoadingCell.swift in Sources */,
				4FD747C3247FE68400B3783E /* Photos.swift in Sources */,
				4F138BD5247F587700158A7C /* ResultCell.swift in Sources */,
				4F7DCD31247F474300579DCA /* FlickrAPP.xcdatamodeld in Sources */,
				4F7DCD29247F474300579DCA /* SceneDelegate.swift in Sources */,
				4FA15EC1247F51D1002F2D35 /* ResultViewController.swift in Sources */,
			);
			runOnlyForDeploymentPostprocessing = 0;
		};
/* End PBXSourcesBuildPhase section */

/* Begin PBXVariantGroup section */
		4F7DCD2C247F474300579DCA /* Main.storyboard */ = {
			isa = PBXVariantGroup;
			children = (
				4F7DCD2D247F474300579DCA /* Base */,
			);
			name = Main.storyboard;
			sourceTree = "<group>";
		};
		4F7DCD34247F474800579DCA /* LaunchScreen.storyboard */ = {
			isa = PBXVariantGroup;
			children = (
				4F7DCD35247F474800579DCA /* Base */,
			);
			name = LaunchScreen.storyboard;
			sourceTree = "<group>";
		};
/* End PBXVariantGroup section */

/* Begin XCBuildConfiguration section */
		4F7DCD38247F474800579DCA /* Debug */ = {
			isa = XCBuildConfiguration;
			buildSettings = {
				ALWAYS_SEARCH_USER_PATHS = NO;
				CLANG_ANALYZER_NONNULL = YES;
				CLANG_ANALYZER_NUMBER_OBJECT_CONVERSION = YES_AGGRESSIVE;
				CLANG_CXX_LANGUAGE_STANDARD = "gnu++14";
				CLANG_CXX_LIBRARY = "libc++";
				CLANG_ENABLE_MODULES = YES;
				CLANG_ENABLE_OBJC_ARC = YES;
				CLANG_ENABLE_OBJC_WEAK = YES;
				CLANG_WARN_BLOCK_CAPTURE_AUTORELEASING = YES;
				CLANG_WARN_BOOL_CONVERSION = YES;
				CLANG_WARN_COMMA = YES;
				CLANG_WARN_CONSTANT_CONVERSION = YES;
				CLANG_WARN_DEPRECATED_OBJC_IMPLEMENTATIONS = YES;
				CLANG_WARN_DIRECT_OBJC_ISA_USAGE = YES_ERROR;
				CLANG_WARN_DOCUMENTATION_COMMENTS = YES;
				CLANG_WARN_EMPTY_BODY = YES;
				CLANG_WARN_ENUM_CONVERSION = YES;
				CLANG_WARN_INFINITE_RECURSION = YES;
				CLANG_WARN_INT_CONVERSION = YES;
				CLANG_WARN_NON_LITERAL_NULL_CONVERSION = YES;
				CLANG_WARN_OBJC_IMPLICIT_RETAIN_SELF = YES;
				CLANG_WARN_OBJC_LITERAL_CONVERSION = YES;
				CLANG_WARN_OBJC_ROOT_CLASS = YES_ERROR;
				CLANG_WARN_RANGE_LOOP_ANALYSIS = YES;
				CLANG_WARN_STRICT_PROTOTYPES = YES;
				CLANG_WARN_SUSPICIOUS_MOVE = YES;
				CLANG_WARN_UNGUARDED_AVAILABILITY = YES_AGGRESSIVE;
				CLANG_WARN_UNREACHABLE_CODE = YES;
				CLANG_WARN__DUPLICATE_METHOD_MATCH = YES;
				COPY_PHASE_STRIP = NO;
				DEBUG_INFORMATION_FORMAT = dwarf;
				ENABLE_STRICT_OBJC_MSGSEND = YES;
				ENABLE_TESTABILITY = YES;
				GCC_C_LANGUAGE_STANDARD = gnu11;
				GCC_DYNAMIC_NO_PIC = NO;
				GCC_NO_COMMON_BLOCKS = YES;
				GCC_OPTIMIZATION_LEVEL = 0;
				GCC_PREPROCESSOR_DEFINITIONS = (
					"DEBUG=1",
					"$(inherited)",
				);
				GCC_WARN_64_TO_32_BIT_CONVERSION = YES;
				GCC_WARN_ABOUT_RETURN_TYPE = YES_ERROR;
				GCC_WARN_UNDECLARED_SELECTOR = YES;
				GCC_WARN_UNINITIALIZED_AUTOS = YES_AGGRESSIVE;
				GCC_WARN_UNUSED_FUNCTION = YES;
				GCC_WARN_UNUSED_VARIABLE = YES;
				IPHONEOS_DEPLOYMENT_TARGET = 13.4;
				MTL_ENABLE_DEBUG_INFO = INCLUDE_SOURCE;
				MTL_FAST_MATH = YES;
				ONLY_ACTIVE_ARCH = YES;
				SDKROOT = iphoneos;
				SWIFT_ACTIVE_COMPILATION_CONDITIONS = DEBUG;
				SWIFT_OPTIMIZATION_LEVEL = "-Onone";
			};
			name = Debug;
		};
		4F7DCD39247F474800579DCA /* Release */ = {
			isa = XCBuildConfiguration;
			buildSettings = {
				ALWAYS_SEARCH_USER_PATHS = NO;
				CLANG_ANALYZER_NONNULL = YES;
				CLANG_ANALYZER_NUMBER_OBJECT_CONVERSION = YES_AGGRESSIVE;
				CLANG_CXX_LANGUAGE_STANDARD = "gnu++14";
				CLANG_CXX_LIBRARY = "libc++";
				CLANG_ENABLE_MODULES = YES;
				CLANG_ENABLE_OBJC_ARC = YES;
				CLANG_ENABLE_OBJC_WEAK = YES;
				CLANG_WARN_BLOCK_CAPTURE_AUTORELEASING = YES;
				CLANG_WARN_BOOL_CONVERSION = YES;
				CLANG_WARN_COMMA = YES;
				CLANG_WARN_CONSTANT_CONVERSION = YES;
				CLANG_WARN_DEPRECATED_OBJC_IMPLEMENTATIONS = YES;
				CLANG_WARN_DIRECT_OBJC_ISA_USAGE = YES_ERROR;
				CLANG_WARN_DOCUMENTATION_COMMENTS = YES;
				CLANG_WARN_EMPTY_BODY = YES;
				CLANG_WARN_ENUM_CONVERSION = YES;
				CLANG_WARN_INFINITE_RECURSION = YES;
				CLANG_WARN_INT_CONVERSION = YES;
				CLANG_WARN_NON_LITERAL_NULL_CONVERSION = YES;
				CLANG_WARN_OBJC_IMPLICIT_RETAIN_SELF = YES;
				CLANG_WARN_OBJC_LITERAL_CONVERSION = YES;
				CLANG_WARN_OBJC_ROOT_CLASS = YES_ERROR;
				CLANG_WARN_RANGE_LOOP_ANALYSIS = YES;
				CLANG_WARN_STRICT_PROTOTYPES = YES;
				CLANG_WARN_SUSPICIOUS_MOVE = YES;
				CLANG_WARN_UNGUARDED_AVAILABILITY = YES_AGGRESSIVE;
				CLANG_WARN_UNREACHABLE_CODE = YES;
				CLANG_WARN__DUPLICATE_METHOD_MATCH = YES;
				COPY_PHASE_STRIP = NO;
				DEBUG_INFORMATION_FORMAT = "dwarf-with-dsym";
				ENABLE_NS_ASSERTIONS = NO;
				ENABLE_STRICT_OBJC_MSGSEND = YES;
				GCC_C_LANGUAGE_STANDARD = gnu11;
				GCC_NO_COMMON_BLOCKS = YES;
				GCC_WARN_64_TO_32_BIT_CONVERSION = YES;
				GCC_WARN_ABOUT_RETURN_TYPE = YES_ERROR;
				GCC_WARN_UNDECLARED_SELECTOR = YES;
				GCC_WARN_UNINITIALIZED_AUTOS = YES_AGGRESSIVE;
				GCC_WARN_UNUSED_FUNCTION = YES;
				GCC_WARN_UNUSED_VARIABLE = YES;
				IPHONEOS_DEPLOYMENT_TARGET = 13.4;
				MTL_ENABLE_DEBUG_INFO = NO;
				MTL_FAST_MATH = YES;
				SDKROOT = iphoneos;
				SWIFT_COMPILATION_MODE = wholemodule;
				SWIFT_OPTIMIZATION_LEVEL = "-O";
				VALIDATE_PRODUCT = YES;
			};
			name = Release;
		};
		4F7DCD3B247F474800579DCA /* Debug */ = {
			isa = XCBuildConfiguration;
			baseConfigurationReference = 31AFE5B07EE27E5B30A656E9 /* Pods-FlickrAPP.debug.xcconfig */;
			buildSettings = {
				ASSETCATALOG_COMPILER_APPICON_NAME = AppIcon;
				CODE_SIGN_STYLE = Automatic;
				DEVELOPMENT_TEAM = BGU39CLFY3;
				INFOPLIST_FILE = FlickrAPP/Info.plist;
				IPHONEOS_DEPLOYMENT_TARGET = 12.0;
				LD_RUNPATH_SEARCH_PATHS = (
					"$(inherited)",
					"@executable_path/Frameworks",
				);
				PRODUCT_BUNDLE_IDENTIFIER = com.ultralcc.FlickrAPP;
				PRODUCT_NAME = "$(TARGET_NAME)";
				SWIFT_VERSION = 5.0;
				TARGETED_DEVICE_FAMILY = "1,2";
			};
			name = Debug;
		};
		4F7DCD3C247F474800579DCA /* Release */ = {
			isa = XCBuildConfiguration;
			baseConfigurationReference = EDAA82680876636337AED2AF /* Pods-FlickrAPP.release.xcconfig */;
			buildSettings = {
				ASSETCATALOG_COMPILER_APPICON_NAME = AppIcon;
				CODE_SIGN_STYLE = Automatic;
				DEVELOPMENT_TEAM = BGU39CLFY3;
				INFOPLIST_FILE = FlickrAPP/Info.plist;
				IPHONEOS_DEPLOYMENT_TARGET = 12.0;
				LD_RUNPATH_SEARCH_PATHS = (
					"$(inherited)",
					"@executable_path/Frameworks",
				);
				PRODUCT_BUNDLE_IDENTIFIER = com.ultralcc.FlickrAPP;
				PRODUCT_NAME = "$(TARGET_NAME)";
				SWIFT_VERSION = 5.0;
				TARGETED_DEVICE_FAMILY = "1,2";
			};
			name = Release;
		};
/* End XCBuildConfiguration section */

/* Begin XCConfigurationList section */
		4F7DCD1E247F474300579DCA /* Build configuration list for PBXProject "FlickrAPP" */ = {
			isa = XCConfigurationList;
			buildConfigurations = (
				4F7DCD38247F474800579DCA /* Debug */,
				4F7DCD39247F474800579DCA /* Release */,
			);
			defaultConfigurationIsVisible = 0;
			defaultConfigurationName = Release;
		};
		4F7DCD3A247F474800579DCA /* Build configuration list for PBXNativeTarget "FlickrAPP" */ = {
			isa = XCConfigurationList;
			buildConfigurations = (
				4F7DCD3B247F474800579DCA /* Debug */,
				4F7DCD3C247F474800579DCA /* Release */,
			);
			defaultConfigurationIsVisible = 0;
			defaultConfigurationName = Release;
		};
/* End XCConfigurationList section */

/* Begin XCVersionGroup section */
		4F7DCD2F247F474300579DCA /* FlickrAPP.xcdatamodeld */ = {
			isa = XCVersionGroup;
			children = (
				4F7DCD30247F474300579DCA /* FlickrAPP.xcdatamodel */,
			);
			currentVersion = 4F7DCD30247F474300579DCA /* FlickrAPP.xcdatamodel */;
			path = FlickrAPP.xcdatamodeld;
			sourceTree = "<group>";
			versionGroupType = wrapper.xcdatamodel;
		};
/* End XCVersionGroup section */
	};
	rootObject = 4F7DCD1B247F474300579DCA /* Project object */;
}
